
Microsoft Visual Studio Solution File, Format Version 12.00
# Visual Studio Version 17
VisualStudioVersion = 17.6.33829.357
MinimumVisualStudioVersion = 10.0.40219.1
Project("{FAE04EC0-301F-11D3-BF4B-00C04F79EFBC}") = "MovieApp.MvcWebUI", "MovieApp.MvcWebUI\MovieApp.MvcWebUI.csproj", "{3CC9AA75-293D-4D10-8591-4B0F08D5D43A}"
EndProject
Global
	GlobalSection(SolutionConfigurationPlatforms) = preSolution
		Debug|Any CPU = Debug|Any CPU
		Release|Any CPU = Release|Any CPU
	EndGlobalSection
	GlobalSection(ProjectConfigurationPlatforms) = postSolution
		{3CC9AA75-293D-4D10-8591-4B0F08D5D43A}.Debug|Any CPU.ActiveCfg = Debug|Any CPU
		{3CC9AA75-293D-4D10-8591-4B0F08D5D43A}.Debug|Any CPU.Build.0 = Debug|Any CPU
		{3CC9AA75-293D-4D10-8591-4B0F08D5D43A}.Release|Any CPU.ActiveCfg = Release|Any CPU
		{3CC9AA75-293D-4D10-8591-4B0F08D5D43A}.Release|Any CPU.Build.0 = Release|Any CPU
	EndGlobalSection
	GlobalSection(SolutionProperties) = preSolution
		HideSolutionNode = FALSE
	EndGlobalSection
	GlobalSection(ExtensibilityGlobals) = postSolution
		SolutionGuid = {D024CC6C-DE69-4B1B-856B-391B2A4DFB89}
	EndGlobalSection
EndGlobal
